
Microsoft Visual Studio Solution File, Format Version 12.00
# Visual Studio Version 17
VisualStudioVersion = 17.8.34408.163
MinimumVisualStudioVersion = 10.0.40219.1
Project("{9A19103F-16F7-4668-BE54-9A1E7A4F7556}") = "MyFirstASPApp", "MyFirstASPApp.csproj", "{E2083902-B357-4311-ADD9-16C9DFDA8EC8}"
EndProject
Global
	GlobalSection(SolutionConfigurationPlatforms) = preSolution
		Debug|Any CPU = Debug|Any CPU
		Release|Any CPU = Release|Any CPU
	EndGlobalSection
	GlobalSection(ProjectConfigurationPlatforms) = postSolution
		{E2083902-B357-4311-ADD9-16C9DFDA8EC8}.Debug|Any CPU.ActiveCfg = Debug|Any CPU
		{E2083902-B357-4311-ADD9-16C9DFDA8EC8}.Debug|Any CPU.Build.0 = Debug|Any CPU
		{E2083902-B357-4311-ADD9-16C9DFDA8EC8}.Release|Any CPU.ActiveCfg = Release|Any CPU
		{E2083902-B357-4311-ADD9-16C9DFDA8EC8}.Release|Any CPU.Build.0 = Release|Any CPU
	EndGlobalSection
	GlobalSection(SolutionProperties) = preSolution
		HideSolutionNode = FALSE
	EndGlobalSection
	GlobalSection(ExtensibilityGlobals) = postSolution
		SolutionGuid = {8383B6CF-C12D-4350-8A1F-97F39DFB5824}
	EndGlobalSection
EndGlobal
